
Microsoft Visual Studio Solution File, Format Version 12.00
# Visual Studio Version 17
VisualStudioVersion = 17.1.32210.238
MinimumVisualStudioVersion = 10.0.40219.1
Project("{2150E333-8FDC-42A3-9474-1A3956D46DE8}") = "tests", "tests", "{501E6B8B-D7BA-43A2-95FB-F80EB176595A}"
EndProject
Project("{2150E333-8FDC-42A3-9474-1A3956D46DE8}") = "src", "src", "{6859AE67-AA94-4BF6-B210-F8C01DF88DC8}"
EndProject
Project("{9A19103F-16F7-4668-BE54-9A1E7A4F7556}") = "MyPacket.Infrastructure", "MyPacket.Infrastructure\MyPacket.Infrastructure.csproj", "{2FC6438F-A5F4-409B-9347-BC9EBC17E20E}"
EndProject
Project("{9A19103F-16F7-4668-BE54-9A1E7A4F7556}") = "MyPacket.Domain", "MyPacket.Domain\MyPacket.Domain.csproj", "{CCC5EBDA-2125-4F37-B74C-1C496DCD7357}"
EndProject
Project("{9A19103F-16F7-4668-BE54-9A1E7A4F7556}") = "MyPacket.Application", "MyPacket.Application\MyPacket.Application.csproj", "{68863731-2FD1-4F97-8D94-477C551F8DD4}"
EndProject
Project("{9A19103F-16F7-4668-BE54-9A1E7A4F7556}") = "MyPacket.API", "MyPacket.API\MyPacket.API.csproj", "{807F60CD-DA10-4DEF-A93B-A83355C3FD89}"
EndProject
Project("{FAE04EC0-301F-11D3-BF4B-00C04F79EFBC}") = "MyPacket.Testing", "MyPacket.Testing\MyPacket.Testing.csproj", "{457507A7-55A1-4DBC-9C4D-371699BAF400}"
EndProject
Global
	GlobalSection(SolutionConfigurationPlatforms) = preSolution
		Debug|Any CPU = Debug|Any CPU
		Release|Any CPU = Release|Any CPU
	EndGlobalSection
	GlobalSection(ProjectConfigurationPlatforms) = postSolution
		{2FC6438F-A5F4-409B-9347-BC9EBC17E20E}.Debug|Any CPU.ActiveCfg = Debug|Any CPU
		{2FC6438F-A5F4-409B-9347-BC9EBC17E20E}.Debug|Any CPU.Build.0 = Debug|Any CPU
		{2FC6438F-A5F4-409B-9347-BC9EBC17E20E}.Release|Any CPU.ActiveCfg = Release|Any CPU
		{2FC6438F-A5F4-409B-9347-BC9EBC17E20E}.Release|Any CPU.Build.0 = Release|Any CPU
		{CCC5EBDA-2125-4F37-B74C-1C496DCD7357}.Debug|Any CPU.ActiveCfg = Debug|Any CPU
		{CCC5EBDA-2125-4F37-B74C-1C496DCD7357}.Debug|Any CPU.Build.0 = Debug|Any CPU
		{CCC5EBDA-2125-4F37-B74C-1C496DCD7357}.Release|Any CPU.ActiveCfg = Release|Any CPU
		{CCC5EBDA-2125-4F37-B74C-1C496DCD7357}.Release|Any CPU.Build.0 = Release|Any CPU
		{68863731-2FD1-4F97-8D94-477C551F8DD4}.Debug|Any CPU.ActiveCfg = Debug|Any CPU
		{68863731-2FD1-4F97-8D94-477C551F8DD4}.Debug|Any CPU.Build.0 = Debug|Any CPU
		{68863731-2FD1-4F97-8D94-477C551F8DD4}.Release|Any CPU.ActiveCfg = Release|Any CPU
		{68863731-2FD1-4F97-8D94-477C551F8DD4}.Release|Any CPU.Build.0 = Release|Any CPU
		{807F60CD-DA10-4DEF-A93B-A83355C3FD89}.Debug|Any CPU.ActiveCfg = Debug|Any CPU
		{807F60CD-DA10-4DEF-A93B-A83355C3FD89}.Debug|Any CPU.Build.0 = Debug|Any CPU
		{807F60CD-DA10-4DEF-A93B-A83355C3FD89}.Release|Any CPU.ActiveCfg = Release|Any CPU
		{807F60CD-DA10-4DEF-A93B-A83355C3FD89}.Release|Any CPU.Build.0 = Release|Any CPU
		{457507A7-55A1-4DBC-9C4D-371699BAF400}.Debug|Any CPU.ActiveCfg = Debug|Any CPU
		{457507A7-55A1-4DBC-9C4D-371699BAF400}.Debug|Any CPU.Build.0 = Debug|Any CPU
		{457507A7-55A1-4DBC-9C4D-371699BAF400}.Release|Any CPU.ActiveCfg = Release|Any CPU
		{457507A7-55A1-4DBC-9C4D-371699BAF400}.Release|Any CPU.Build.0 = Release|Any CPU
	EndGlobalSection
	GlobalSection(SolutionProperties) = preSolution
		HideSolutionNode = FALSE
	EndGlobalSection
	GlobalSection(NestedProjects) = preSolution
		{2FC6438F-A5F4-409B-9347-BC9EBC17E20E} = {6859AE67-AA94-4BF6-B210-F8C01DF88DC8}
		{CCC5EBDA-2125-4F37-B74C-1C496DCD7357} = {6859AE67-AA94-4BF6-B210-F8C01DF88DC8}
		{68863731-2FD1-4F97-8D94-477C551F8DD4} = {6859AE67-AA94-4BF6-B210-F8C01DF88DC8}
		{807F60CD-DA10-4DEF-A93B-A83355C3FD89} = {6859AE67-AA94-4BF6-B210-F8C01DF88DC8}
		{457507A7-55A1-4DBC-9C4D-371699BAF400} = {501E6B8B-D7BA-43A2-95FB-F80EB176595A}
	EndGlobalSection
	GlobalSection(ExtensibilityGlobals) = postSolution
		SolutionGuid = {0A0FD0CB-BE1F-4EAE-8BF5-DC78BCA77965}
	EndGlobalSection
EndGlobal
