
Microsoft Visual Studio Solution File, Format Version 12.00
# Visual Studio Version 17
VisualStudioVersion = 17.1.32210.238
MinimumVisualStudioVersion = 10.0.40219.1
Project("{2150E333-8FDC-42A3-9474-1A3956D46DE8}") = "tests", "tests", "{501E6B8B-D7BA-43A2-95FB-F80EB176595A}"
EndProject
Project("{2150E333-8FDC-42A3-9474-1A3956D46DE8}") = "src", "src", "{6859AE67-AA94-4BF6-B210-F8C01DF88DC8}"
EndProject
Project("{9A19103F-16F7-4668-BE54-9A1E7A4F7556}") = "MyPacket.Core", "MyPacket.Core\MyPacket.Core.csproj", "{D2238BE5-8776-4A77-B629-2363CB1C1BB5}"
EndProject
Project("{9A19103F-16F7-4668-BE54-9A1E7A4F7556}") = "MyPacket.Infrastructure", "MyPacket.Infrastructure\MyPacket.Infrastructure.csproj", "{2FC6438F-A5F4-409B-9347-BC9EBC17E20E}"
EndProject
Project("{FAE04EC0-301F-11D3-BF4B-00C04F79EFBC}") = "MyPacket.API", "MyPacket.API\MyPacket.API.csproj", "{737814C9-6F7C-4CF9-9CA9-F23F5D485D4B}"
EndProject
Global
	GlobalSection(SolutionConfigurationPlatforms) = preSolution
		Debug|Any CPU = Debug|Any CPU
		Release|Any CPU = Release|Any CPU
	EndGlobalSection
	GlobalSection(ProjectConfigurationPlatforms) = postSolution
		{D2238BE5-8776-4A77-B629-2363CB1C1BB5}.Debug|Any CPU.ActiveCfg = Debug|Any CPU
		{D2238BE5-8776-4A77-B629-2363CB1C1BB5}.Debug|Any CPU.Build.0 = Debug|Any CPU
		{D2238BE5-8776-4A77-B629-2363CB1C1BB5}.Release|Any CPU.ActiveCfg = Release|Any CPU
		{D2238BE5-8776-4A77-B629-2363CB1C1BB5}.Release|Any CPU.Build.0 = Release|Any CPU
		{2FC6438F-A5F4-409B-9347-BC9EBC17E20E}.Debug|Any CPU.ActiveCfg = Debug|Any CPU
		{2FC6438F-A5F4-409B-9347-BC9EBC17E20E}.Debug|Any CPU.Build.0 = Debug|Any CPU
		{2FC6438F-A5F4-409B-9347-BC9EBC17E20E}.Release|Any CPU.ActiveCfg = Release|Any CPU
		{2FC6438F-A5F4-409B-9347-BC9EBC17E20E}.Release|Any CPU.Build.0 = Release|Any CPU
		{737814C9-6F7C-4CF9-9CA9-F23F5D485D4B}.Debug|Any CPU.ActiveCfg = Debug|Any CPU
		{737814C9-6F7C-4CF9-9CA9-F23F5D485D4B}.Debug|Any CPU.Build.0 = Debug|Any CPU
		{737814C9-6F7C-4CF9-9CA9-F23F5D485D4B}.Release|Any CPU.ActiveCfg = Release|Any CPU
		{737814C9-6F7C-4CF9-9CA9-F23F5D485D4B}.Release|Any CPU.Build.0 = Release|Any CPU
	EndGlobalSection
	GlobalSection(SolutionProperties) = preSolution
		HideSolutionNode = FALSE
	EndGlobalSection
	GlobalSection(NestedProjects) = preSolution
		{D2238BE5-8776-4A77-B629-2363CB1C1BB5} = {6859AE67-AA94-4BF6-B210-F8C01DF88DC8}
		{2FC6438F-A5F4-409B-9347-BC9EBC17E20E} = {6859AE67-AA94-4BF6-B210-F8C01DF88DC8}
		{737814C9-6F7C-4CF9-9CA9-F23F5D485D4B} = {6859AE67-AA94-4BF6-B210-F8C01DF88DC8}
	EndGlobalSection
	GlobalSection(ExtensibilityGlobals) = postSolution
		SolutionGuid = {0A0FD0CB-BE1F-4EAE-8BF5-DC78BCA77965}
	EndGlobalSection
EndGlobal
